
Microsoft Visual Studio Solution File, Format Version 12.00
# Visual Studio Version 17
VisualStudioVersion = 17.13.35919.96 d17.13
MinimumVisualStudioVersion = 10.0.40219.1
Project("{FAE04EC0-301F-11D3-BF4B-00C04F79EFBC}") = "Aula Basica", "Aula Basica\Aula Basica.csproj", "{1B585E28-3392-4B40-9415-3463048530BD}"
EndProject
Global
	GlobalSection(SolutionConfigurationPlatforms) = preSolution
		Debug|Any CPU = Debug|Any CPU
		Release|Any CPU = Release|Any CPU
	EndGlobalSection
	GlobalSection(ProjectConfigurationPlatforms) = postSolution
		{1B585E28-3392-4B40-9415-3463048530BD}.Debug|Any CPU.ActiveCfg = Debug|Any CPU
		{1B585E28-3392-4B40-9415-3463048530BD}.Debug|Any CPU.Build.0 = Debug|Any CPU
		{1B585E28-3392-4B40-9415-3463048530BD}.Release|Any CPU.ActiveCfg = Release|Any CPU
		{1B585E28-3392-4B40-9415-3463048530BD}.Release|Any CPU.Build.0 = Release|Any CPU
	EndGlobalSection
	GlobalSection(SolutionProperties) = preSolution
		HideSolutionNode = FALSE
	EndGlobalSection
	GlobalSection(ExtensibilityGlobals) = postSolution
		SolutionGuid = {AA77B653-312E-47A9-B17E-CC702C8D1066}
	EndGlobalSection
EndGlobal
