
Microsoft Visual Studio Solution File, Format Version 12.00
# Visual Studio Version 17
VisualStudioVersion = 17.13.35919.96 d17.13
MinimumVisualStudioVersion = 10.0.40219.1
Project("{FAE04EC0-301F-11D3-BF4B-00C04F79EFBC}") = "CalculadoraAPP", "CalculadoraAPP\CalculadoraAPP.csproj", "{02B689E0-22DA-482D-ACBF-9CBB9277CC46}"
EndProject
Global
	GlobalSection(SolutionConfigurationPlatforms) = preSolution
		Debug|Any CPU = Debug|Any CPU
		Release|Any CPU = Release|Any CPU
	EndGlobalSection
	GlobalSection(ProjectConfigurationPlatforms) = postSolution
		{02B689E0-22DA-482D-ACBF-9CBB9277CC46}.Debug|Any CPU.ActiveCfg = Debug|Any CPU
		{02B689E0-22DA-482D-ACBF-9CBB9277CC46}.Debug|Any CPU.Build.0 = Debug|Any CPU
		{02B689E0-22DA-482D-ACBF-9CBB9277CC46}.Debug|Any CPU.Deploy.0 = Debug|Any CPU
		{02B689E0-22DA-482D-ACBF-9CBB9277CC46}.Release|Any CPU.ActiveCfg = Release|Any CPU
		{02B689E0-22DA-482D-ACBF-9CBB9277CC46}.Release|Any CPU.Build.0 = Release|Any CPU
		{02B689E0-22DA-482D-ACBF-9CBB9277CC46}.Release|Any CPU.Deploy.0 = Release|Any CPU
	EndGlobalSection
	GlobalSection(SolutionProperties) = preSolution
		HideSolutionNode = FALSE
	EndGlobalSection
	GlobalSection(ExtensibilityGlobals) = postSolution
		SolutionGuid = {956A68DD-B271-4944-BD0C-D51B8787AAF9}
	EndGlobalSection
EndGlobal
